
Microsoft Visual Studio Solution File, Format Version 12.00
# Visual Studio Version 16
VisualStudioVersion = 16.0.31025.194
MinimumVisualStudioVersion = 10.0.40219.1
Project("{FAE04EC0-301F-11D3-BF4B-00C04F79EFBC}") = "Matrix", "Matrix\Matrix.csproj", "{BB1ACCCE-943E-4DC8-9453-5E230FA2E570}"
EndProject
Global
	GlobalSection(SolutionConfigurationPlatforms) = preSolution
		Debug|Any CPU = Debug|Any CPU
		Release|Any CPU = Release|Any CPU
	EndGlobalSection
	GlobalSection(ProjectConfigurationPlatforms) = postSolution
		{BB1ACCCE-943E-4DC8-9453-5E230FA2E570}.Debug|Any CPU.ActiveCfg = Debug|Any CPU
		{BB1ACCCE-943E-4DC8-9453-5E230FA2E570}.Debug|Any CPU.Build.0 = Debug|Any CPU
		{BB1ACCCE-943E-4DC8-9453-5E230FA2E570}.Release|Any CPU.ActiveCfg = Release|Any CPU
		{BB1ACCCE-943E-4DC8-9453-5E230FA2E570}.Release|Any CPU.Build.0 = Release|Any CPU
	EndGlobalSection
	GlobalSection(SolutionProperties) = preSolution
		HideSolutionNode = FALSE
	EndGlobalSection
	GlobalSection(ExtensibilityGlobals) = postSolution
		SolutionGuid = {0829243A-1E55-42EE-92F3-C4D2D87CC714}
	EndGlobalSection
EndGlobal
